# THIS IS AN AUTOGENERATED FILE. DO NOT EDIT THIS FILE DIRECTLY.
# yarn lockfile v1


"@hapi/bourne@^3.0.0":
  "integrity" "sha512-Waj1cwPXJDucOib4a3bAISsKJVb15MKi9IvmTI/7ssVEm6sywXGjVJDhl6/umt1pK1ZS7PacXU3A1PmFKHEZ2w=="
  "resolved" "https://registry.npmmirror.com/@hapi/bourne/-/bourne-3.0.0.tgz"
  "version" "3.0.0"

"@oven/bun-windows-x64-baseline@1.1.20":
  "integrity" "sha512-yFm6jhL7SPfPz7sOukUeiAGmX7/S+6yj3cY8NxGGvBaZZLqNSw+vitAFg/ssV8v8oDAG7b1SqP5KzEZt3EUvKg=="
  "resolved" "https://registry.npmmirror.com/@oven/bun-windows-x64-baseline/-/bun-windows-x64-baseline-1.1.20.tgz"
  "version" "1.1.20"

"@oven/bun-windows-x64@1.1.20":
  "integrity" "sha512-1Njpp2LUq6mEyDdk3IBge7ew/+maqX/Q7ltalX7JT2Gxh693c0KuL7pzrExbkBweqSL1nMec0Crw+GkVd3bFxA=="
  "resolved" "https://registry.npmmirror.com/@oven/bun-windows-x64/-/bun-windows-x64-1.1.20.tgz"
  "version" "1.1.20"

"@types/accepts@*":
  "integrity" "sha512-Pay9fq2lM2wXPWbteBsRAGiWH2hig4ZE2asK+mm7kUzlxRTfL961rj89I6zV/E3PcIkDqyuBEcMxFT7rccugeQ=="
  "resolved" "https://registry.npmmirror.com/@types/accepts/-/accepts-1.3.7.tgz"
  "version" "1.3.7"
  dependencies:
    "@types/node" "*"

"@types/body-parser@*":
  "integrity" "sha512-fB3Zu92ucau0iQ0JMCFQE7b/dv8Ot07NI3KaZIkIUNXq82k4eBAqUaneXfleGY9JWskeS9y+u0nXMyspcuQrCg=="
  "resolved" "https://registry.npmmirror.com/@types/body-parser/-/body-parser-1.19.5.tgz"
  "version" "1.19.5"
  dependencies:
    "@types/connect" "*"
    "@types/node" "*"

"@types/bun@latest":
  "integrity" "sha512-uJgKjTdX0GkWEHZzQzFsJkWp5+43ZS7HC8sZPFnOwnSo1AsNl2q9o2bFeS23disNDqbggEgyFkKCHl/w8iZsMA=="
  "resolved" "https://registry.npmmirror.com/@types/bun/-/bun-1.1.6.tgz"
  "version" "1.1.6"
  dependencies:
    "bun-types" "1.1.17"

"@types/connect@*":
  "integrity" "sha512-K6uROf1LD88uDQqJCktA4yzL1YYAK6NgfsI0v/mTgyPKWsX1CnJ0XPSDhViejru1GcRkLWb8RlzFYJRqGUbaug=="
  "resolved" "https://registry.npmmirror.com/@types/connect/-/connect-3.4.38.tgz"
  "version" "3.4.38"
  dependencies:
    "@types/node" "*"

"@types/content-disposition@*":
  "integrity" "sha512-QVSSvno3dE0MgO76pJhmv4Qyi/j0Yk9pBp0Y7TJ2Tlj+KCgJWY6qX7nnxCOLkZ3VYRSIk1WTxCvwUSdx6CCLdg=="
  "resolved" "https://registry.npmmirror.com/@types/content-disposition/-/content-disposition-0.5.8.tgz"
  "version" "0.5.8"

"@types/cookies@*":
  "integrity" "sha512-40Zk8qR147RABiQ7NQnBzWzDcjKzNrntB5BAmeGCb2p/MIyOE+4BVvc17wumsUqUw00bJYqoXFHYygQnEFh4/Q=="
  "resolved" "https://registry.npmmirror.com/@types/cookies/-/cookies-0.9.0.tgz"
  "version" "0.9.0"
  dependencies:
    "@types/connect" "*"
    "@types/express" "*"
    "@types/keygrip" "*"
    "@types/node" "*"

"@types/express-serve-static-core@^4.17.33":
  "integrity" "sha512-y6W03tvrACO72aijJ5uF02FRq5cgDR9lUxddQ8vyF+GvmjJQqbzDcJngEjURc+ZsG31VI3hODNZJ2URj86pzmg=="
  "resolved" "https://registry.npmmirror.com/@types/express-serve-static-core/-/express-serve-static-core-4.19.5.tgz"
  "version" "4.19.5"
  dependencies:
    "@types/node" "*"
    "@types/qs" "*"
    "@types/range-parser" "*"
    "@types/send" "*"

"@types/express@*":
  "integrity" "sha512-ejlPM315qwLpaQlQDTjPdsUFSc6ZsP4AN6AlWnogPjQ7CVi7PYF3YVz+CY3jE2pwYf7E/7HlDAN0rV2GxTG0HQ=="
  "resolved" "https://registry.npmmirror.com/@types/express/-/express-4.17.21.tgz"
  "version" "4.17.21"
  dependencies:
    "@types/body-parser" "*"
    "@types/express-serve-static-core" "^4.17.33"
    "@types/qs" "*"
    "@types/serve-static" "*"

"@types/http-assert@*":
  "integrity" "sha512-4+tE/lwdAahgZT1g30Jkdm9PzFRde0xwxBNUyRsCitRvCQB90iuA2uJYdUnhnANRcqGXaWOGY4FEoxeElNAK2g=="
  "resolved" "https://registry.npmmirror.com/@types/http-assert/-/http-assert-1.5.5.tgz"
  "version" "1.5.5"

"@types/http-errors@*":
  "integrity" "sha512-D0CFMMtydbJAegzOyHjtiKPLlvnm3iTZyZRSZoLq2mRhDdmLfIWOCYPfQJ4cu2erKghU++QvjcUjp/5h7hESpA=="
  "resolved" "https://registry.npmmirror.com/@types/http-errors/-/http-errors-2.0.4.tgz"
  "version" "2.0.4"

"@types/js-yaml@^4.0.9":
  "integrity" "sha512-k4MGaQl5TGo/iipqb2UDG2UwjXziSWkh0uysQelTlJpX1qGlpUZYm8PnO4DxG1qBomtJUdYJ6qR6xdIah10JLg=="
  "resolved" "https://registry.npmmirror.com/@types/js-yaml/-/js-yaml-4.0.9.tgz"
  "version" "4.0.9"

"@types/jsonwebtoken@^9.0.6":
  "integrity" "sha512-/5hndP5dCjloafCXns6SZyESp3Ldq7YjH3zwzwczYnjxIT0Fqzk5ROSYVGfFyczIue7IUEj8hkvLbPoLQ18vQw=="
  "resolved" "https://registry.npmmirror.com/@types/jsonwebtoken/-/jsonwebtoken-9.0.6.tgz"
  "version" "9.0.6"
  dependencies:
    "@types/node" "*"

"@types/keygrip@*":
  "integrity" "sha512-lZuNAY9xeJt7Bx4t4dx0rYCDqGPW8RXhQZK1td7d4H6E9zYbLoOtjBvfwdTKpsyxQI/2jv+armjX/RW+ZNpXOQ=="
  "resolved" "https://registry.npmmirror.com/@types/keygrip/-/keygrip-1.0.6.tgz"
  "version" "1.0.6"

"@types/koa-bodyparser@^4.3.12":
  "integrity" "sha512-hKMmRMVP889gPIdLZmmtou/BijaU1tHPyMNmcK7FAHAdATnRcGQQy78EqTTxLH1D4FTsrxIzklAQCso9oGoebQ=="
  "resolved" "https://registry.npmmirror.com/@types/koa-bodyparser/-/koa-bodyparser-4.3.12.tgz"
  "version" "4.3.12"
  dependencies:
    "@types/koa" "*"

"@types/koa-compose@*":
  "integrity" "sha512-4Olc63RY+MKvxMwVknCUDhRQX1pFQoBZ/lXcRLP69PQkEpze/0cr8LNqJQe5NFb/b19DWi2a5bTi2VAlQzhJuA=="
  "resolved" "https://registry.npmmirror.com/@types/koa-compose/-/koa-compose-3.2.8.tgz"
  "version" "3.2.8"
  dependencies:
    "@types/koa" "*"

"@types/koa-json@^2.0.23":
  "integrity" "sha512-LJKLFouztosawgU5xrtanK4neLCQKXl+vuVN96YMeVdKTYObLq2Qybggm9V426Jwam8Gi/zOrPw1g+QH0VaEHw=="
  "resolved" "https://registry.npmmirror.com/@types/koa-json/-/koa-json-2.0.23.tgz"
  "version" "2.0.23"
  dependencies:
    "@types/koa" "*"

"@types/koa-logger@^3.1.5":
  "integrity" "sha512-N4f9GRdokJ/gLiCSvd3GGar/D74HJWzuvSJiruayCsz2e7gGkG6DQaque+kM3xo6LjyCRVUUt9HHJCSMjsXrIA=="
  "resolved" "https://registry.npmmirror.com/@types/koa-logger/-/koa-logger-3.1.5.tgz"
  "version" "3.1.5"
  dependencies:
    "@types/koa" "*"

"@types/koa-router@^7.4.8":
  "integrity" "sha512-SkWlv4F9f+l3WqYNQHnWjYnyTxYthqt8W9az2RTdQW7Ay8bc00iRZcrb8MC75iEfPqnGcg2csEl8tTG1NQPD4A=="
  "resolved" "https://registry.npmmirror.com/@types/koa-router/-/koa-router-7.4.8.tgz"
  "version" "7.4.8"
  dependencies:
    "@types/koa" "*"

"@types/koa@*", "@types/koa@^2.15.0":
  "integrity" "sha512-7QFsywoE5URbuVnG3loe03QXuGajrnotr3gQkXcEBShORai23MePfFYdhz90FEtBBpkyIYQbVD+evKtloCgX3g=="
  "resolved" "https://registry.npmmirror.com/@types/koa/-/koa-2.15.0.tgz"
  "version" "2.15.0"
  dependencies:
    "@types/accepts" "*"
    "@types/content-disposition" "*"
    "@types/cookies" "*"
    "@types/http-assert" "*"
    "@types/http-errors" "*"
    "@types/keygrip" "*"
    "@types/koa-compose" "*"
    "@types/node" "*"

"@types/koa2-cors@^2.0.5":
  "integrity" "sha512-MrZ8NpnkPYQqTRy2Llflt2f2sLTQTSy5fAOa2YTxUu6UJZXdsY6cszpzuB9EhkAFXJL1D8kEEHGq4Q7rU+jEAg=="
  "resolved" "https://registry.npmmirror.com/@types/koa2-cors/-/koa2-cors-2.0.5.tgz"
  "version" "2.0.5"
  dependencies:
    "@types/koa" "*"

"@types/mime@^1":
  "integrity" "sha512-/pyBZWSLD2n0dcHE3hq8s8ZvcETHtEuF+3E7XVt0Ig2nvsVQXdghHVcEkIWjy9A0wKfTn97a/PSDYohKIlnP/w=="
  "resolved" "https://registry.npmmirror.com/@types/mime/-/mime-1.3.5.tgz"
  "version" "1.3.5"

"@types/node@*":
  "integrity" "sha512-r7wNXakLeSsGT0H1AU863vS2wa5wBOK4bWMjZz2wj+8nBx+m5PeIn0k8AloSLpRuiwdRQZwarZqHE4FNArPuJQ=="
  "resolved" "https://registry.npmmirror.com/@types/node/-/node-20.14.12.tgz"
  "version" "20.14.12"
  dependencies:
    "undici-types" "~5.26.4"

"@types/node@~20.12.8":
  "integrity" "sha512-scnD59RpYD91xngrQQLGkE+6UrHUPzeKZWhhjBSa3HSkwjbQc38+q3RoIVEwxQGRw3M+j5hpNAM+lgV3cVormg=="
  "resolved" "https://registry.npmmirror.com/@types/node/-/node-20.12.14.tgz"
  "version" "20.12.14"
  dependencies:
    "undici-types" "~5.26.4"

"@types/qs@*":
  "integrity" "sha512-uXHQKES6DQKKCLh441Xv/dwxOq1TVS3JPUMlEqoEglvlhR6Mxnlew/Xq/LRVHpLyk7iK3zODe1qYHIMltO7XGg=="
  "resolved" "https://registry.npmmirror.com/@types/qs/-/qs-6.9.15.tgz"
  "version" "6.9.15"

"@types/range-parser@*":
  "integrity" "sha512-hKormJbkJqzQGhziax5PItDUTMAM9uE2XXQmM37dyd4hVM+5aVl7oVxMVUiVQn2oCQFN/LKCZdvSM0pFRqbSmQ=="
  "resolved" "https://registry.npmmirror.com/@types/range-parser/-/range-parser-1.2.7.tgz"
  "version" "1.2.7"

"@types/send@*":
  "integrity" "sha512-x2EM6TJOybec7c52BX0ZspPodMsQUd5L6PRwOunVyVUhXiBSKf3AezDL8Dgvgt5o0UfKNfuA0eMLr2wLT4AiBA=="
  "resolved" "https://registry.npmmirror.com/@types/send/-/send-0.17.4.tgz"
  "version" "0.17.4"
  dependencies:
    "@types/mime" "^1"
    "@types/node" "*"

"@types/serve-static@*":
  "integrity" "sha512-W8Ym+h8nhuRwaKPaDw34QUkwsGi6Rc4yYqvKFo5rm2FUEhCFbzVWrxXUxuKK8TASjWsysJY0nsmNCGhCOIsrOw=="
  "resolved" "https://registry.npmmirror.com/@types/serve-static/-/serve-static-1.15.7.tgz"
  "version" "1.15.7"
  dependencies:
    "@types/http-errors" "*"
    "@types/node" "*"
    "@types/send" "*"

"@types/ws@~8.5.10":
  "integrity" "sha512-4+q7P5h3SpJxaBft0Dzpbr6lmMaqh0Jr2tbhJZ/luAwvD7ohSCniYkwz/pLxuT2h0EOa6QADgJj1Ko+TzRfZ+w=="
  "resolved" "https://registry.npmmirror.com/@types/ws/-/ws-8.5.11.tgz"
  "version" "8.5.11"
  dependencies:
    "@types/node" "*"

"accepts@^1.3.5":
  "integrity" "sha512-PYAthTa2m2VKxuvSD3DPC/Gy+U+sOA1LAuT8mkmRuvw+NACSaeXEQ+NHcVF7rONl6qcaxV3Uuemwawk+7+SJLw=="
  "resolved" "https://registry.npmmirror.com/accepts/-/accepts-1.3.8.tgz"
  "version" "1.3.8"
  dependencies:
    "mime-types" "~2.1.34"
    "negotiator" "0.6.3"

"ansi-styles@^3.2.1":
  "integrity" "sha512-VT0ZI6kZRdTh8YyJw3SMbYm/u+NqfsAxEpWO0Pf9sq8/e94WxxOpPKx9FR1FlyCtOVDNOQ+8ntlqFxiRc+r5qA=="
  "resolved" "https://registry.npmmirror.com/ansi-styles/-/ansi-styles-3.2.1.tgz"
  "version" "3.2.1"
  dependencies:
    "color-convert" "^1.9.0"

"anymatch@~3.1.2":
  "integrity" "sha512-KMReFUr0B4t+D+OBkjR3KYqvocp2XaSzO55UcB6mgQMd3KbcE+mWTyvVV7D/zsdEbNnV6acZUutkiHQXvTr1Rw=="
  "resolved" "https://registry.npmmirror.com/anymatch/-/anymatch-3.1.3.tgz"
  "version" "3.1.3"
  dependencies:
    "normalize-path" "^3.0.0"
    "picomatch" "^2.0.4"

"argparse@^2.0.1":
  "integrity" "sha512-8+9WqebbFzpX9OR+Wa6O29asIogeRMzcGtAINdpMHHyAg10f05aSFVBbcEqGf/PXw1EjAZ+q2/bEBg3DvurK3Q=="
  "resolved" "https://registry.npmmirror.com/argparse/-/argparse-2.0.1.tgz"
  "version" "2.0.1"

"balanced-match@^1.0.0":
  "integrity" "sha512-3oSeUO0TMV67hN1AmbXsK4yaqU7tjiHlbxRDZOpH0KW9+CeX4bRAaX0Anxt0tx2MrpRpWwQaPwIlISEJhYU5Pw=="
  "resolved" "https://registry.npmmirror.com/balanced-match/-/balanced-match-1.0.2.tgz"
  "version" "1.0.2"

"binary-extensions@^2.0.0":
  "integrity" "sha512-Ceh+7ox5qe7LJuLHoY0feh3pHuUDHAcRUeyL2VYghZwfpkNIy/+8Ocg0a3UuSoYzavmylwuLWQOf3hl0jjMMIw=="
  "resolved" "https://registry.npmmirror.com/binary-extensions/-/binary-extensions-2.3.0.tgz"
  "version" "2.3.0"

"brace-expansion@^1.1.7":
  "integrity" "sha512-iCuPHDFgrHX7H2vEI/5xpz07zSHB00TpugqhmYtVmMO6518mCuRMoOYFldEBl0g187ufozdaHgWKcYFb61qGiA=="
  "resolved" "https://registry.npmmirror.com/brace-expansion/-/brace-expansion-1.1.11.tgz"
  "version" "1.1.11"
  dependencies:
    "balanced-match" "^1.0.0"
    "concat-map" "0.0.1"

"braces@~3.0.2":
  "integrity" "sha512-yQbXgO/OSZVD2IsiLlro+7Hf6Q18EJrKSEsdoMzKePKXct3gvD8oLcOQdIzGupr5Fj+EDe8gO/lxc1BzfMpxvA=="
  "resolved" "https://registry.npmmirror.com/braces/-/braces-3.0.3.tgz"
  "version" "3.0.3"
  dependencies:
    "fill-range" "^7.1.1"

"buffer-equal-constant-time@1.0.1":
  "integrity" "sha512-zRpUiDwd/xk6ADqPMATG8vc9VPrkck7T07OIx0gnjmJAnHnTVXNQG3vfvWNuiZIkwu9KrKdA1iJKfsfTVxE6NA=="
  "resolved" "https://registry.npmmirror.com/buffer-equal-constant-time/-/buffer-equal-constant-time-1.0.1.tgz"
  "version" "1.0.1"

"bun-types@1.1.17":
  "integrity" "sha512-Z4+OplcSd/YZq7ZsrfD00DKJeCwuNY96a1IDJyR73+cTBaFIS7SC6LhpY/W3AMEXO9iYq5NJ58WAwnwL1p5vKg=="
  "resolved" "https://registry.npmmirror.com/bun-types/-/bun-types-1.1.17.tgz"
  "version" "1.1.17"
  dependencies:
    "@types/node" "~20.12.8"
    "@types/ws" "~8.5.10"

"bun@^1.1.20":
  "integrity" "sha512-aqLmvaz0/vLUiCrOXtAsf7pCSOS/qXieYDsq8COa3+fIgMK05CjZt9m9r7DC+tjKy7hH8uKSNTapQOr/kX8gIA=="
  "resolved" "https://registry.npmmirror.com/bun/-/bun-1.1.20.tgz"
  "version" "1.1.20"
  optionalDependencies:
    "@oven/bun-darwin-aarch64" "1.1.20"
    "@oven/bun-darwin-x64" "1.1.20"
    "@oven/bun-darwin-x64-baseline" "1.1.20"
    "@oven/bun-linux-aarch64" "1.1.20"
    "@oven/bun-linux-x64" "1.1.20"
    "@oven/bun-linux-x64-baseline" "1.1.20"
    "@oven/bun-windows-x64" "1.1.20"
    "@oven/bun-windows-x64-baseline" "1.1.20"

"bytes@^3.1.0", "bytes@3.1.2":
  "integrity" "sha512-/Nf7TyzTx6S3yRJObOAV7956r8cr2+Oj8AC5dt8wSP3BQAoeX58NoHyCU8P8zGkNXStjTSi6fzO6F0pBdcYbEg=="
  "resolved" "https://registry.npmmirror.com/bytes/-/bytes-3.1.2.tgz"
  "version" "3.1.2"

"cache-content-type@^1.0.0":
  "integrity" "sha512-IKufZ1o4Ut42YUrZSo8+qnMTrFuKkvyoLXUywKz9GJ5BrhOFGhLdkx9sG4KAnVvbY6kEcSFjLQul+DVmBm2bgA=="
  "resolved" "https://registry.npmmirror.com/cache-content-type/-/cache-content-type-1.0.1.tgz"
  "version" "1.0.1"
  dependencies:
    "mime-types" "^2.1.18"
    "ylru" "^1.2.0"

"call-bind@^1.0.7":
  "integrity" "sha512-GHTSNSYICQ7scH7sZ+M2rFopRoLh8t2bLSW6BbgrtLsahOIB5iyAVJf9GjWK3cYTDaMj4XdBpM1cA6pIS0Kv2w=="
  "resolved" "https://registry.npmmirror.com/call-bind/-/call-bind-1.0.7.tgz"
  "version" "1.0.7"
  dependencies:
    "es-define-property" "^1.0.0"
    "es-errors" "^1.3.0"
    "function-bind" "^1.1.2"
    "get-intrinsic" "^1.2.4"
    "set-function-length" "^1.2.1"

"chalk@^2.4.2":
  "integrity" "sha512-Mti+f9lpJNcwF4tWV8/OrTTtF1gZi+f8FqlyAdouralcFWFQWF2+NgCHShjkCb+IFBLq9buZwE1xckQU4peSuQ=="
  "resolved" "https://registry.npmmirror.com/chalk/-/chalk-2.4.2.tgz"
  "version" "2.4.2"
  dependencies:
    "ansi-styles" "^3.2.1"
    "escape-string-regexp" "^1.0.5"
    "supports-color" "^5.3.0"

"chokidar@^3.5.2":
  "integrity" "sha512-7VT13fmjotKpGipCW9JEQAusEPE+Ei8nl6/g4FBAmIm0GOOLMua9NDDo/DWp0ZAxCr3cPq5ZpBqmPAQgDda2Pw=="
  "resolved" "https://registry.npmmirror.com/chokidar/-/chokidar-3.6.0.tgz"
  "version" "3.6.0"
  dependencies:
    "anymatch" "~3.1.2"
    "braces" "~3.0.2"
    "glob-parent" "~5.1.2"
    "is-binary-path" "~2.1.0"
    "is-glob" "~4.0.1"
    "normalize-path" "~3.0.0"
    "readdirp" "~3.6.0"
  optionalDependencies:
    "fsevents" "~2.3.2"

"co-body@^6.0.0":
  "integrity" "sha512-Kbpv2Yd1NdL1V/V4cwLVxraHDV6K8ayohr2rmH0J87Er8+zJjcTa6dAn9QMPC9CRgU8+aNajKbSf1TzDB1yKPA=="
  "resolved" "https://registry.npmmirror.com/co-body/-/co-body-6.2.0.tgz"
  "version" "6.2.0"
  dependencies:
    "@hapi/bourne" "^3.0.0"
    "inflation" "^2.0.0"
    "qs" "^6.5.2"
    "raw-body" "^2.3.3"
    "type-is" "^1.6.16"

"co@^4.6.0":
  "integrity" "sha512-QVb0dM5HvG+uaxitm8wONl7jltx8dqhfU33DcqtOZcLSVIKSDDLDi7+0LbAKiyI8hD9u42m2YxXSkMGWThaecQ=="
  "resolved" "https://registry.npmmirror.com/co/-/co-4.6.0.tgz"
  "version" "4.6.0"

"color-convert@^1.9.0":
  "integrity" "sha512-QfAUtd+vFdAtFQcC8CCyYt1fYWxSqAiK2cSD6zDB8N3cpsEBAvRxp9zOGg6G/SHHJYAT88/az/IuDGALsNVbGg=="
  "resolved" "https://registry.npmmirror.com/color-convert/-/color-convert-1.9.3.tgz"
  "version" "1.9.3"
  dependencies:
    "color-name" "1.1.3"

"color-name@1.1.3":
  "integrity" "sha512-72fSenhMw2HZMTVHeCA9KCmpEIbzWiQsjN+BHcBbS9vr1mtt+vJjPdksIBNUmKAW8TFUDPJK5SUU3QhE9NEXDw=="
  "resolved" "https://registry.npmmirror.com/color-name/-/color-name-1.1.3.tgz"
  "version" "1.1.3"

"concat-map@0.0.1":
  "integrity" "sha512-/Srv4dswyQNBfohGpz9o6Yb3Gz3SrUDqBH5rTuhGR7ahtlbYKnVxw2bCFMRljaA7EXHaXZ8wsHdodFvbkhKmqg=="
  "resolved" "https://registry.npmmirror.com/concat-map/-/concat-map-0.0.1.tgz"
  "version" "0.0.1"

"content-disposition@~0.5.2":
  "integrity" "sha512-FveZTNuGw04cxlAiWbzi6zTAL/lhehaWbTtgluJh4/E95DqMwTmha3KZN1aAWA8cFIhHzMZUvLevkw5Rqk+tSQ=="
  "resolved" "https://registry.npmmirror.com/content-disposition/-/content-disposition-0.5.4.tgz"
  "version" "0.5.4"
  dependencies:
    "safe-buffer" "5.2.1"

"content-type@^1.0.4":
  "integrity" "sha512-nTjqfcBFEipKdXCv4YDQWCfmcLZKm81ldF0pAopTvyrFGVbcR6P/VAAd5G7N+0tTr8QqiU0tFadD6FK4NtJwOA=="
  "resolved" "https://registry.npmmirror.com/content-type/-/content-type-1.0.5.tgz"
  "version" "1.0.5"

"cookies@~0.9.0":
  "integrity" "sha512-TG2hpqe4ELx54QER/S3HQ9SRVnQnGBtKUz5bLQWtYAQ+o6GpgMs6sYUvaiJjVxb+UXwhRhAEP3m7LbsIZ77Hmw=="
  "resolved" "https://registry.npmmirror.com/cookies/-/cookies-0.9.1.tgz"
  "version" "0.9.1"
  dependencies:
    "depd" "~2.0.0"
    "keygrip" "~1.1.0"

"copy-to@^2.0.1":
  "integrity" "sha512-3DdaFaU/Zf1AnpLiFDeNCD4TOWe3Zl2RZaTzUvWiIk5ERzcCodOE20Vqq4fzCbNoHURFHT4/us/Lfq+S2zyY4w=="
  "resolved" "https://registry.npmmirror.com/copy-to/-/copy-to-2.0.1.tgz"
  "version" "2.0.1"

"core-util-is@~1.0.0":
  "integrity" "sha512-ZQBvi1DcpJ4GDqanjucZ2Hj3wEO5pZDS89BWbkcrvdxksJorwUDDZamX9ldFkp9aw2lmBDLgkObEA4DWNJ9FYQ=="
  "resolved" "https://registry.npmmirror.com/core-util-is/-/core-util-is-1.0.3.tgz"
  "version" "1.0.3"

"debug@^4", "debug@^4.3.2", "debug@^4.3.4":
  "integrity" "sha512-pt0bNEmneDIvdL1Xsd9oDQ/wrQRkXDT4AUWlNZNPKvW5x/jyO9VFXkJUP07vQ2upmw5PlaITaPKc31jK13V+jg=="
  "resolved" "https://registry.npmmirror.com/debug/-/debug-4.3.5.tgz"
  "version" "4.3.5"
  dependencies:
    "ms" "2.1.2"

"deep-equal@~1.0.1":
  "integrity" "sha512-bHtC0iYvWhyaTzvV3CZgPeZQqCOBGyGsVV7v4eevpdkLHfiSrXUdBG+qAuSz4RI70sszvjQ1QSZ98An1yNwpSw=="
  "resolved" "https://registry.npmmirror.com/deep-equal/-/deep-equal-1.0.1.tgz"
  "version" "1.0.1"

"define-data-property@^1.1.4":
  "integrity" "sha512-rBMvIzlpA8v6E+SJZoo++HAYqsLrkg7MSfIinMPFhmkorw7X+dOXVJQs+QT69zGkzMyfDnIMN2Wid1+NbL3T+A=="
  "resolved" "https://registry.npmmirror.com/define-data-property/-/define-data-property-1.1.4.tgz"
  "version" "1.1.4"
  dependencies:
    "es-define-property" "^1.0.0"
    "es-errors" "^1.3.0"
    "gopd" "^1.0.1"

"delegates@^1.0.0":
  "integrity" "sha512-bd2L678uiWATM6m5Z1VzNCErI3jiGzt6HGY8OVICs40JQq/HALfbyNJmp0UDakEY4pMMaN0Ly5om/B1VI/+xfQ=="
  "resolved" "https://registry.npmmirror.com/delegates/-/delegates-1.0.0.tgz"
  "version" "1.0.0"

"depd@^2.0.0", "depd@~2.0.0", "depd@2.0.0":
  "integrity" "sha512-g7nH6P6dyDioJogAAGprGpCtVImJhpPk/roCzdb3fIh61/s/nPsfR6onyMwkCAR/OlC3yBC0lESvUoQEAssIrw=="
  "resolved" "https://registry.npmmirror.com/depd/-/depd-2.0.0.tgz"
  "version" "2.0.0"

"depd@~1.1.2":
  "integrity" "sha512-7emPTl6Dpo6JRXOXjLRxck+FlLRX5847cLKEn00PLAgc3g2hTZZgr+e4c2v6QpSmLeFP3n5yUo7ft6avBK/5jQ=="
  "resolved" "https://registry.npmmirror.com/depd/-/depd-1.1.2.tgz"
  "version" "1.1.2"

"destroy@^1.0.4":
  "integrity" "sha512-2sJGJTaXIIaR1w4iJSNoN0hnMY7Gpc/n8D4qSCJw8QqFWXf7cuAgnEHxBpweaVcPevC2l3KpjYCx3NypQQgaJg=="
  "resolved" "https://registry.npmmirror.com/destroy/-/destroy-1.2.0.tgz"
  "version" "1.2.0"

"ecdsa-sig-formatter@1.0.11":
  "integrity" "sha512-nagl3RYrbNv6kQkeJIpt6NJZy8twLB/2vtz6yN9Z4vRKHN4/QZJIEbqohALSgwKdnksuY3k5Addp5lg8sVoVcQ=="
  "resolved" "https://registry.npmmirror.com/ecdsa-sig-formatter/-/ecdsa-sig-formatter-1.0.11.tgz"
  "version" "1.0.11"
  dependencies:
    "safe-buffer" "^5.0.1"

"ee-first@1.1.1":
  "integrity" "sha512-WMwm9LhRUo+WUaRN+vRuETqG89IgZphVSNkdFgeb6sS/E4OrDIN7t48CAewSHXc6C8lefD8KKfr5vY61brQlow=="
  "resolved" "https://registry.npmmirror.com/ee-first/-/ee-first-1.1.1.tgz"
  "version" "1.1.1"

"encodeurl@^1.0.2":
  "integrity" "sha512-TPJXq8JqFaVYm2CWmPvnP2Iyo4ZSM7/QKcSmuMLDObfpH5fi7RUGmd/rTDf+rut/saiDiQEeVTNgAmJEdAOx0w=="
  "resolved" "https://registry.npmmirror.com/encodeurl/-/encodeurl-1.0.2.tgz"
  "version" "1.0.2"

"es-define-property@^1.0.0":
  "integrity" "sha512-jxayLKShrEqqzJ0eumQbVhTYQM27CfT1T35+gCgDFoL82JLsXqTJ76zv6A0YLOgEnLUMvLzsDsGIrl8NFpT2gQ=="
  "resolved" "https://registry.npmmirror.com/es-define-property/-/es-define-property-1.0.0.tgz"
  "version" "1.0.0"
  dependencies:
    "get-intrinsic" "^1.2.4"

"es-errors@^1.3.0":
  "integrity" "sha512-Zf5H2Kxt2xjTvbJvP2ZWLEICxA6j+hAmMzIlypy4xcBg1vKVnx89Wy0GbS+kf5cwCVFFzdCFh2XSCFNULS6csw=="
  "resolved" "https://registry.npmmirror.com/es-errors/-/es-errors-1.3.0.tgz"
  "version" "1.3.0"

"escape-html@^1.0.3":
  "integrity" "sha512-NiSupZ4OeuGwr68lGIeym/ksIZMJodUGOSCZ/FSnTxcrekbvqrgdUxlJOMpijaKZVjAJrWrGs/6Jy8OMuyj9ow=="
  "resolved" "https://registry.npmmirror.com/escape-html/-/escape-html-1.0.3.tgz"
  "version" "1.0.3"

"escape-string-regexp@^1.0.5":
  "integrity" "sha512-vbRorB5FUQWvla16U8R/qgaFIya2qGzwDrNmCZuYKrbdSUMG6I1ZCGQRefkRVhuOkIGVne7BQ35DSfo1qvJqFg=="
  "resolved" "https://registry.npmmirror.com/escape-string-regexp/-/escape-string-regexp-1.0.5.tgz"
  "version" "1.0.5"

"fill-range@^7.1.1":
  "integrity" "sha512-YsGpe3WHLK8ZYi4tWDg2Jy3ebRz2rXowDxnld4bkQB00cc/1Zw9AWnC0i9ztDJitivtQvaI9KaLyKrc+hBW0yg=="
  "resolved" "https://registry.npmmirror.com/fill-range/-/fill-range-7.1.1.tgz"
  "version" "7.1.1"
  dependencies:
    "to-regex-range" "^5.0.1"

"fresh@~0.5.2":
  "integrity" "sha512-zJ2mQYM18rEFOudeV4GShTGIQ7RbzA7ozbU9I/XBpm7kqgMywgmylMwXHxZJmkVoYkna9d2pVXVXPdYTP9ej8Q=="
  "resolved" "https://registry.npmmirror.com/fresh/-/fresh-0.5.2.tgz"
  "version" "0.5.2"

"function-bind@^1.1.2":
  "integrity" "sha512-7XHNxH7qX9xG5mIwxkhumTox/MIRNcOgDrxWsMt2pAr23WHp6MrRlN7FBSFpCpr+oVO0F744iUgR82nJMfG2SA=="
  "resolved" "https://registry.npmmirror.com/function-bind/-/function-bind-1.1.2.tgz"
  "version" "1.1.2"

"get-intrinsic@^1.1.3", "get-intrinsic@^1.2.4":
  "integrity" "sha512-5uYhsJH8VJBTv7oslg4BznJYhDoRI6waYCxMmCdnTrcCrHA/fCFKoTFz2JKKE0HdDFUF7/oQuhzumXJK7paBRQ=="
  "resolved" "https://registry.npmmirror.com/get-intrinsic/-/get-intrinsic-1.2.4.tgz"
  "version" "1.2.4"
  dependencies:
    "es-errors" "^1.3.0"
    "function-bind" "^1.1.2"
    "has-proto" "^1.0.1"
    "has-symbols" "^1.0.3"
    "hasown" "^2.0.0"

"glob-parent@~5.1.2":
  "integrity" "sha512-AOIgSQCepiJYwP3ARnGx+5VnTu2HBYdzbGP45eLw1vr3zB3vZLeyed1sC9hnbcOc9/SrMyM5RPQrkGz4aS9Zow=="
  "resolved" "https://registry.npmmirror.com/glob-parent/-/glob-parent-5.1.2.tgz"
  "version" "5.1.2"
  dependencies:
    "is-glob" "^4.0.1"

"gopd@^1.0.1":
  "integrity" "sha512-d65bNlIadxvpb/A2abVdlqKqV563juRnZ1Wtk6s1sIR8uNsXR70xqIzVqxVf1eTqDunwT2MkczEeaezCKTZhwA=="
  "resolved" "https://registry.npmmirror.com/gopd/-/gopd-1.0.1.tgz"
  "version" "1.0.1"
  dependencies:
    "get-intrinsic" "^1.1.3"

"has-flag@^3.0.0":
  "integrity" "sha512-sKJf1+ceQBr4SMkvQnBDNDtf4TXpVhVGateu0t918bl30FnbE2m4vNLX+VWe/dpjlb+HugGYzW7uQXH98HPEYw=="
  "resolved" "https://registry.npmmirror.com/has-flag/-/has-flag-3.0.0.tgz"
  "version" "3.0.0"

"has-property-descriptors@^1.0.2":
  "integrity" "sha512-55JNKuIW+vq4Ke1BjOTjM2YctQIvCT7GFzHwmfZPGo5wnrgkid0YQtnAleFSqumZm4az3n2BS+erby5ipJdgrg=="
  "resolved" "https://registry.npmmirror.com/has-property-descriptors/-/has-property-descriptors-1.0.2.tgz"
  "version" "1.0.2"
  dependencies:
    "es-define-property" "^1.0.0"

"has-proto@^1.0.1":
  "integrity" "sha512-SJ1amZAJUiZS+PhsVLf5tGydlaVB8EdFpaSO4gmiUKUOxk8qzn5AIy4ZeJUmh22znIdk/uMAUT2pl3FxzVUH+Q=="
  "resolved" "https://registry.npmmirror.com/has-proto/-/has-proto-1.0.3.tgz"
  "version" "1.0.3"

"has-symbols@^1.0.3":
  "integrity" "sha512-l3LCuF6MgDNwTDKkdYGEihYjt5pRPbEg46rtlmnSPlUbgmB8LOIrKJbYYFBSbnPaJexMKtiPO8hmeRjRz2Td+A=="
  "resolved" "https://registry.npmmirror.com/has-symbols/-/has-symbols-1.0.3.tgz"
  "version" "1.0.3"

"has-tostringtag@^1.0.0":
  "integrity" "sha512-NqADB8VjPFLM2V0VvHUewwwsw0ZWBaIdgo+ieHtK3hasLz4qeCRjYcqfB6AQrBggRKppKF8L52/VqdVsO47Dlw=="
  "resolved" "https://registry.npmmirror.com/has-tostringtag/-/has-tostringtag-1.0.2.tgz"
  "version" "1.0.2"
  dependencies:
    "has-symbols" "^1.0.3"

"hasown@^2.0.0":
  "integrity" "sha512-0hJU9SCPvmMzIBdZFqNPXWa6dqh7WdH0cII9y+CyS8rG3nL48Bclra9HmKhVVUHyPWNH5Y7xDwAB7bfgSjkUMQ=="
  "resolved" "https://registry.npmmirror.com/hasown/-/hasown-2.0.2.tgz"
  "version" "2.0.2"
  dependencies:
    "function-bind" "^1.1.2"

"http-assert@^1.3.0":
  "integrity" "sha512-uPpH7OKX4H25hBmU6G1jWNaqJGpTXxey+YOUizJUAgu0AjLUeC8D73hTrhvDS5D+GJN1DN1+hhc/eF/wpxtp0w=="
  "resolved" "https://registry.npmmirror.com/http-assert/-/http-assert-1.5.0.tgz"
  "version" "1.5.0"
  dependencies:
    "deep-equal" "~1.0.1"
    "http-errors" "~1.8.0"

"http-errors@^1.6.3", "http-errors@~1.8.0":
  "integrity" "sha512-Kpk9Sm7NmI+RHhnj6OIWDI1d6fIoFAtFt9RLaTMRlg/8w49juAStsrBgp0Dp4OdxdVbRIeKhtCUvoi/RuAhO4g=="
  "resolved" "https://registry.npmmirror.com/http-errors/-/http-errors-1.8.1.tgz"
  "version" "1.8.1"
  dependencies:
    "depd" "~1.1.2"
    "inherits" "2.0.4"
    "setprototypeof" "1.2.0"
    "statuses" ">= 1.5.0 < 2"
    "toidentifier" "1.0.1"

"http-errors@^2.0.0":
  "integrity" "sha512-FtwrG/euBzaEjYeRqOgly7G0qviiXoJWnvEH2Z1plBdXgbyjv34pHTSb9zoeHMyDy33+DWy5Wt9Wo+TURtOYSQ=="
  "resolved" "https://registry.npmmirror.com/http-errors/-/http-errors-2.0.0.tgz"
  "version" "2.0.0"
  dependencies:
    "depd" "2.0.0"
    "inherits" "2.0.4"
    "setprototypeof" "1.2.0"
    "statuses" "2.0.1"
    "toidentifier" "1.0.1"

"http-errors@2.0.0":
  "integrity" "sha512-FtwrG/euBzaEjYeRqOgly7G0qviiXoJWnvEH2Z1plBdXgbyjv34pHTSb9zoeHMyDy33+DWy5Wt9Wo+TURtOYSQ=="
  "resolved" "https://registry.npmmirror.com/http-errors/-/http-errors-2.0.0.tgz"
  "version" "2.0.0"
  dependencies:
    "depd" "2.0.0"
    "inherits" "2.0.4"
    "setprototypeof" "1.2.0"
    "statuses" "2.0.1"
    "toidentifier" "1.0.1"

"humanize-number@0.0.2":
  "integrity" "sha512-un3ZAcNQGI7RzaWGZzQDH47HETM4Wrj6z6E4TId8Yeq9w5ZKUVB1nrT2jwFheTUjEmqcgTjXDc959jum+ai1kQ=="
  "resolved" "https://registry.npmmirror.com/humanize-number/-/humanize-number-0.0.2.tgz"
  "version" "0.0.2"

"iconv-lite@0.4.24":
  "integrity" "sha512-v3MXnZAcvnywkTUEZomIActle7RXXeedOR31wwl7VlyoXO4Qi9arvSenNQWne1TcRwhCL1HwLI21bEqdpj8/rA=="
  "resolved" "https://registry.npmmirror.com/iconv-lite/-/iconv-lite-0.4.24.tgz"
  "version" "0.4.24"
  dependencies:
    "safer-buffer" ">= 2.1.2 < 3"

"ignore-by-default@^1.0.1":
  "integrity" "sha512-Ius2VYcGNk7T90CppJqcIkS5ooHUZyIQK+ClZfMfMNFEF9VSE73Fq+906u/CWu92x4gzZMWOwfFYckPObzdEbA=="
  "resolved" "https://registry.npmmirror.com/ignore-by-default/-/ignore-by-default-1.0.1.tgz"
  "version" "1.0.1"

"inflation@^2.0.0":
  "integrity" "sha512-t54PPJHG1Pp7VQvxyVCJ9mBbjG3Hqryges9bXoOO6GExCPa+//i/d5GSuFtpx3ALLd7lgIAur6zrIlBQyJuMlQ=="
  "resolved" "https://registry.npmmirror.com/inflation/-/inflation-2.1.0.tgz"
  "version" "2.1.0"

"inherits@~2.0.3", "inherits@2.0.4":
  "integrity" "sha512-k/vGaX4/Yla3WzyMCvTQOXYeIHvqOKtnqBduzTHpzpQZzAskKMhZ2K+EnBiSM9zGSoIFeMpXKxa4dYeZIQqewQ=="
  "resolved" "https://registry.npmmirror.com/inherits/-/inherits-2.0.4.tgz"
  "version" "2.0.4"

"is-binary-path@~2.1.0":
  "integrity" "sha512-ZMERYes6pDydyuGidse7OsHxtbI7WVeUEozgR/g7rd0xUimYNlvZRE/K2MgZTjWy725IfelLeVcEM97mmtRGXw=="
  "resolved" "https://registry.npmmirror.com/is-binary-path/-/is-binary-path-2.1.0.tgz"
  "version" "2.1.0"
  dependencies:
    "binary-extensions" "^2.0.0"

"is-extglob@^2.1.1":
  "integrity" "sha512-SbKbANkN603Vi4jEZv49LeVJMn4yGwsbzZworEoyEiutsN3nJYdbO36zfhGJ6QEDpOZIFkDtnq5JRxmvl3jsoQ=="
  "resolved" "https://registry.npmmirror.com/is-extglob/-/is-extglob-2.1.1.tgz"
  "version" "2.1.1"

"is-generator-function@^1.0.7":
  "integrity" "sha512-jsEjy9l3yiXEQ+PsXdmBwEPcOxaXWLspKdplFUVI9vq1iZgIekeC0L167qeu86czQaxed3q/Uzuw0swL0irL8A=="
  "resolved" "https://registry.npmmirror.com/is-generator-function/-/is-generator-function-1.0.10.tgz"
  "version" "1.0.10"
  dependencies:
    "has-tostringtag" "^1.0.0"

"is-glob@^4.0.1", "is-glob@~4.0.1":
  "integrity" "sha512-xelSayHH36ZgE7ZWhli7pW34hNbNl8Ojv5KVmkJD4hBdD3th8Tfk9vYasLM+mXWOZhFkgZfxhLSnrwRr4elSSg=="
  "resolved" "https://registry.npmmirror.com/is-glob/-/is-glob-4.0.3.tgz"
  "version" "4.0.3"
  dependencies:
    "is-extglob" "^2.1.1"

"is-number@^7.0.0":
  "integrity" "sha512-41Cifkg6e8TylSpdtTpeLVMqvSBEVzTttHvERD741+pnZ8ANv0004MRL43QKPDlK9cGvNp6NZWZUBlbGXYxxng=="
  "resolved" "https://registry.npmmirror.com/is-number/-/is-number-7.0.0.tgz"
  "version" "7.0.0"

"isarray@~1.0.0":
  "integrity" "sha512-VLghIWNM6ELQzo7zwmcg0NmTVyWKYjvIeM83yjp0wRDTmUnrM678fQbcKBo6n2CJEF0szoG//ytg+TKla89ALQ=="
  "resolved" "https://registry.npmmirror.com/isarray/-/isarray-1.0.0.tgz"
  "version" "1.0.0"

"js-yaml@^4.1.0":
  "integrity" "sha512-wpxZs9NoxZaJESJGIZTyDEaYpl0FKSA+FB9aJiyemKhMwkxQg63h4T1KJgUGHpTqPDNRcmmYLugrRjJlBtWvRA=="
  "resolved" "https://registry.npmmirror.com/js-yaml/-/js-yaml-4.1.0.tgz"
  "version" "4.1.0"
  dependencies:
    "argparse" "^2.0.1"

"json-stringify-safe@5":
  "integrity" "sha512-ZClg6AaYvamvYEE82d3Iyd3vSSIjQ+odgjaTzRuO3s7toCdFKczob2i0zCh7JE8kWn17yvAWhUVxvqGwUalsRA=="
  "resolved" "https://registry.npmmirror.com/json-stringify-safe/-/json-stringify-safe-5.0.1.tgz"
  "version" "5.0.1"

"jsonwebtoken@^9.0.2":
  "integrity" "sha512-PRp66vJ865SSqOlgqS8hujT5U4AOgMfhrwYIuIhfKaoSCZcirrmASQr8CX7cUg+RMih+hgznrjp99o+W4pJLHQ=="
  "resolved" "https://registry.npmmirror.com/jsonwebtoken/-/jsonwebtoken-9.0.2.tgz"
  "version" "9.0.2"
  dependencies:
    "jws" "^3.2.2"
    "lodash.includes" "^4.3.0"
    "lodash.isboolean" "^3.0.3"
    "lodash.isinteger" "^4.0.4"
    "lodash.isnumber" "^3.0.3"
    "lodash.isplainobject" "^4.0.6"
    "lodash.isstring" "^4.0.1"
    "lodash.once" "^4.0.0"
    "ms" "^2.1.1"
    "semver" "^7.5.4"

"jwa@^1.4.1":
  "integrity" "sha512-qiLX/xhEEFKUAJ6FiBMbes3w9ATzyk5W7Hvzpa/SLYdxNtng+gcurvrI7TbACjIXlsJyr05/S1oUhZrc63evQA=="
  "resolved" "https://registry.npmmirror.com/jwa/-/jwa-1.4.1.tgz"
  "version" "1.4.1"
  dependencies:
    "buffer-equal-constant-time" "1.0.1"
    "ecdsa-sig-formatter" "1.0.11"
    "safe-buffer" "^5.0.1"

"jws@^3.2.2":
  "integrity" "sha512-YHlZCB6lMTllWDtSPHz/ZXTsi8S00usEV6v1tjq8tOUZzw7DpSDWVXjXDre6ed1w/pd495ODpHZYSdkRTsa0HA=="
  "resolved" "https://registry.npmmirror.com/jws/-/jws-3.2.2.tgz"
  "version" "3.2.2"
  dependencies:
    "jwa" "^1.4.1"
    "safe-buffer" "^5.0.1"

"keygrip@~1.1.0":
  "integrity" "sha512-iYSchDJ+liQ8iwbSI2QqsQOvqv58eJCEanyJPJi+Khyu8smkcKSFUCbPwzFcL7YVtZ6eONjqRX/38caJ7QjRAQ=="
  "resolved" "https://registry.npmmirror.com/keygrip/-/keygrip-1.1.0.tgz"
  "version" "1.1.0"
  dependencies:
    "tsscmp" "1.0.6"

"koa-bodyparser@^4.4.1":
  "integrity" "sha512-kBH3IYPMb+iAXnrxIhXnW+gXV8OTzCu8VPDqvcDHW9SQrbkHmqPQtiZwrltNmSq6/lpipHnT7k7PsjlVD7kK0w=="
  "resolved" "https://registry.npmmirror.com/koa-bodyparser/-/koa-bodyparser-4.4.1.tgz"
  "version" "4.4.1"
  dependencies:
    "co-body" "^6.0.0"
    "copy-to" "^2.0.1"
    "type-is" "^1.6.18"

"koa-compose@^4.1.0":
  "integrity" "sha512-8ODW8TrDuMYvXRwra/Kh7/rJo9BtOfPc6qO8eAfC80CnCvSjSl0bkRM24X6/XBBEyj0v1nRUQ1LyOy3dbqOWXw=="
  "resolved" "https://registry.npmmirror.com/koa-compose/-/koa-compose-4.1.0.tgz"
  "version" "4.1.0"

"koa-convert@^2.0.0":
  "integrity" "sha512-asOvN6bFlSnxewce2e/DK3p4tltyfC4VM7ZwuTuepI7dEQVcvpyFuBcEARu1+Hxg8DIwytce2n7jrZtRlPrARA=="
  "resolved" "https://registry.npmmirror.com/koa-convert/-/koa-convert-2.0.0.tgz"
  "version" "2.0.0"
  dependencies:
    "co" "^4.6.0"
    "koa-compose" "^4.1.0"

"koa-is-json@1":
  "integrity" "sha512-+97CtHAlWDx0ndt0J8y3P12EWLwTLMXIfMnYDev3wOTwH/RpBGMlfn4bDXlMEg1u73K6XRE9BbUp+5ZAYoRYWw=="
  "resolved" "https://registry.npmmirror.com/koa-is-json/-/koa-is-json-1.0.0.tgz"
  "version" "1.0.0"

"koa-json@^2.0.2":
  "integrity" "sha512-8+dz0T2ekDuNN1svYoKPCV2txotQ3Ufg8Fn5bft1T48MPJWiC/HKmkk+3xj9EC/iNZuFYeLRazN2h2o3RSUXuQ=="
  "resolved" "https://registry.npmmirror.com/koa-json/-/koa-json-2.0.2.tgz"
  "version" "2.0.2"
  dependencies:
    "koa-is-json" "1"
    "streaming-json-stringify" "3"

"koa-logger@^3.2.1":
  "integrity" "sha512-MjlznhLLKy9+kG8nAXKJLM0/ClsQp/Or2vI3a5rbSQmgl8IJBQO0KI5FA70BvW+hqjtxjp49SpH2E7okS6NmHg=="
  "resolved" "https://registry.npmmirror.com/koa-logger/-/koa-logger-3.2.1.tgz"
  "version" "3.2.1"
  dependencies:
    "bytes" "^3.1.0"
    "chalk" "^2.4.2"
    "humanize-number" "0.0.2"
    "passthrough-counter" "^1.0.0"

"koa-router@^12.0.1":
  "integrity" "sha512-gaDdj3GtzoLoeosacd50kBBTnnh3B9AYxDThQUo4sfUyXdOhY6ku1qyZKW88tQCRgc3Sw6ChXYXWZwwgjOxE0w=="
  "resolved" "https://registry.npmmirror.com/koa-router/-/koa-router-12.0.1.tgz"
  "version" "12.0.1"
  dependencies:
    "debug" "^4.3.4"
    "http-errors" "^2.0.0"
    "koa-compose" "^4.1.0"
    "methods" "^1.1.2"
    "path-to-regexp" "^6.2.1"

"koa@^2.15.3":
  "integrity" "sha512-j/8tY9j5t+GVMLeioLaxweJiKUayFhlGqNTzf2ZGwL0ZCQijd2RLHK0SLW5Tsko8YyyqCZC2cojIb0/s62qTAg=="
  "resolved" "https://registry.npmmirror.com/koa/-/koa-2.15.3.tgz"
  "version" "2.15.3"
  dependencies:
    "accepts" "^1.3.5"
    "cache-content-type" "^1.0.0"
    "content-disposition" "~0.5.2"
    "content-type" "^1.0.4"
    "cookies" "~0.9.0"
    "debug" "^4.3.2"
    "delegates" "^1.0.0"
    "depd" "^2.0.0"
    "destroy" "^1.0.4"
    "encodeurl" "^1.0.2"
    "escape-html" "^1.0.3"
    "fresh" "~0.5.2"
    "http-assert" "^1.3.0"
    "http-errors" "^1.6.3"
    "is-generator-function" "^1.0.7"
    "koa-compose" "^4.1.0"
    "koa-convert" "^2.0.0"
    "on-finished" "^2.3.0"
    "only" "~0.0.2"
    "parseurl" "^1.3.2"
    "statuses" "^1.5.0"
    "type-is" "^1.6.16"
    "vary" "^1.1.2"

"koa2-cors@^2.0.6":
  "integrity" "sha512-JRCcSM4lamM+8kvKGDKlesYk2ASrmSTczDtGUnIadqMgnHU4Ct5Gw7Bxt3w3m6d6dy3WN0PU4oMP43HbddDEWg=="
  "resolved" "https://registry.npmmirror.com/koa2-cors/-/koa2-cors-2.0.6.tgz"
  "version" "2.0.6"

"lodash.includes@^4.3.0":
  "integrity" "sha512-W3Bx6mdkRTGtlJISOvVD/lbqjTlPPUDTMnlXZFnVwi9NKJ6tiAk6LVdlhZMm17VZisqhKcgzpO5Wz91PCt5b0w=="
  "resolved" "https://registry.npmmirror.com/lodash.includes/-/lodash.includes-4.3.0.tgz"
  "version" "4.3.0"

"lodash.isboolean@^3.0.3":
  "integrity" "sha512-Bz5mupy2SVbPHURB98VAcw+aHh4vRV5IPNhILUCsOzRmsTmSQ17jIuqopAentWoehktxGd9e/hbIXq980/1QJg=="
  "resolved" "https://registry.npmmirror.com/lodash.isboolean/-/lodash.isboolean-3.0.3.tgz"
  "version" "3.0.3"

"lodash.isinteger@^4.0.4":
  "integrity" "sha512-DBwtEWN2caHQ9/imiNeEA5ys1JoRtRfY3d7V9wkqtbycnAmTvRRmbHKDV4a0EYc678/dia0jrte4tjYwVBaZUA=="
  "resolved" "https://registry.npmmirror.com/lodash.isinteger/-/lodash.isinteger-4.0.4.tgz"
  "version" "4.0.4"

"lodash.isnumber@^3.0.3":
  "integrity" "sha512-QYqzpfwO3/CWf3XP+Z+tkQsfaLL/EnUlXWVkIk5FUPc4sBdTehEqZONuyRt2P67PXAk+NXmTBcc97zw9t1FQrw=="
  "resolved" "https://registry.npmmirror.com/lodash.isnumber/-/lodash.isnumber-3.0.3.tgz"
  "version" "3.0.3"

"lodash.isplainobject@^4.0.6":
  "integrity" "sha512-oSXzaWypCMHkPC3NvBEaPHf0KsA5mvPrOPgQWDsbg8n7orZ290M0BmC/jgRZ4vcJ6DTAhjrsSYgdsW/F+MFOBA=="
  "resolved" "https://registry.npmmirror.com/lodash.isplainobject/-/lodash.isplainobject-4.0.6.tgz"
  "version" "4.0.6"

"lodash.isstring@^4.0.1":
  "integrity" "sha512-0wJxfxH1wgO3GrbuP+dTTk7op+6L41QCXbGINEmD+ny/G/eCqGzxyCsh7159S+mgDDcoarnBw6PC1PS5+wUGgw=="
  "resolved" "https://registry.npmmirror.com/lodash.isstring/-/lodash.isstring-4.0.1.tgz"
  "version" "4.0.1"

"lodash.once@^4.0.0":
  "integrity" "sha512-Sb487aTOCr9drQVL8pIxOzVhafOjZN9UU54hiN8PU3uAiSV7lx1yYNpbNmex2PK6dSJoNTSJUUswT651yww3Mg=="
  "resolved" "https://registry.npmmirror.com/lodash.once/-/lodash.once-4.1.1.tgz"
  "version" "4.1.1"

"media-typer@0.3.0":
  "integrity" "sha512-dq+qelQ9akHpcOl/gUVRTxVIOkAJ1wR3QAvb4RsVjS8oVoFjDGTc679wJYmUmknUF5HwMLOgb5O+a3KxfWapPQ=="
  "resolved" "https://registry.npmmirror.com/media-typer/-/media-typer-0.3.0.tgz"
  "version" "0.3.0"

"methods@^1.1.2":
  "integrity" "sha512-iclAHeNqNm68zFtnZ0e+1L2yUIdvzNoauKU4WBA3VvH/vPFieF7qfRlwUZU+DA9P9bPXIS90ulxoUoCH23sV2w=="
  "resolved" "https://registry.npmmirror.com/methods/-/methods-1.1.2.tgz"
  "version" "1.1.2"

"mime-db@1.52.0":
  "integrity" "sha512-sPU4uV7dYlvtWJxwwxHD0PuihVNiE7TyAbQ5SWxDCB9mUYvOgroQOwYQQOKPJ8CIbE+1ETVlOoK1UC2nU3gYvg=="
  "resolved" "https://registry.npmmirror.com/mime-db/-/mime-db-1.52.0.tgz"
  "version" "1.52.0"

"mime-types@^2.1.18", "mime-types@~2.1.24", "mime-types@~2.1.34":
  "integrity" "sha512-ZDY+bPm5zTTF+YpCrAU9nK0UgICYPT0QtT1NZWFv4s++TNkcgVaT0g6+4R2uI4MjQjzysHB1zxuWL50hzaeXiw=="
  "resolved" "https://registry.npmmirror.com/mime-types/-/mime-types-2.1.35.tgz"
  "version" "2.1.35"
  dependencies:
    "mime-db" "1.52.0"

"minimatch@^3.1.2":
  "integrity" "sha512-J7p63hRiAjw1NDEww1W7i37+ByIrOWO5XQQAzZ3VOcL0PNybwpfmV/N05zFAzwQ9USyEcX6t3UO+K5aqBQOIHw=="
  "resolved" "https://registry.npmmirror.com/minimatch/-/minimatch-3.1.2.tgz"
  "version" "3.1.2"
  dependencies:
    "brace-expansion" "^1.1.7"

"ms@^2.1.1":
  "integrity" "sha512-6FlzubTLZG3J2a/NVCAleEhjzq5oxgHyaCU9yYXvcLsvoVaHJq/s5xXI6/XXP6tz7R9xAOtHnSO/tXtF3WRTlA=="
  "resolved" "https://registry.npmmirror.com/ms/-/ms-2.1.3.tgz"
  "version" "2.1.3"

"ms@2.1.2":
  "integrity" "sha512-sGkPx+VjMtmA6MX27oA4FBFELFCZZ4S4XqeGOXCv68tT+jb3vk/RyaKWP0PTKyWtmLSM0b+adUTEvbs1PEaH2w=="
  "resolved" "https://registry.npmmirror.com/ms/-/ms-2.1.2.tgz"
  "version" "2.1.2"

"negotiator@0.6.3":
  "integrity" "sha512-+EUsqGPLsM+j/zdChZjsnX51g4XrHFOIXwfnCVPGlQk/k5giakcKsuxCObBRu6DSm9opw/O6slWbJdghQM4bBg=="
  "resolved" "https://registry.npmmirror.com/negotiator/-/negotiator-0.6.3.tgz"
  "version" "0.6.3"

"nodemon@^3.1.4":
  "integrity" "sha512-wjPBbFhtpJwmIeY2yP7QF+UKzPfltVGtfce1g/bB15/8vCGZj8uxD62b/b9M9/WVgme0NZudpownKN+c0plXlQ=="
  "resolved" "https://registry.npmmirror.com/nodemon/-/nodemon-3.1.4.tgz"
  "version" "3.1.4"
  dependencies:
    "chokidar" "^3.5.2"
    "debug" "^4"
    "ignore-by-default" "^1.0.1"
    "minimatch" "^3.1.2"
    "pstree.remy" "^1.1.8"
    "semver" "^7.5.3"
    "simple-update-notifier" "^2.0.0"
    "supports-color" "^5.5.0"
    "touch" "^3.1.0"
    "undefsafe" "^2.0.5"

"normalize-path@^3.0.0", "normalize-path@~3.0.0":
  "integrity" "sha512-6eZs5Ls3WtCisHWp9S2GUy8dqkpGi4BVSz3GaqiE6ezub0512ESztXUwUB6C6IKbQkY2Pnb/mD4WYojCRwcwLA=="
  "resolved" "https://registry.npmmirror.com/normalize-path/-/normalize-path-3.0.0.tgz"
  "version" "3.0.0"

"object-inspect@^1.13.1":
  "integrity" "sha512-IRZSRuzJiynemAXPYtPe5BoI/RESNYR7TYm50MC5Mqbd3Jmw5y790sErYw3V6SryFJD64b74qQQs9wn5Bg/k3g=="
  "resolved" "https://registry.npmmirror.com/object-inspect/-/object-inspect-1.13.2.tgz"
  "version" "1.13.2"

"on-finished@^2.3.0":
  "integrity" "sha512-oVlzkg3ENAhCk2zdv7IJwd/QUD4z2RxRwpkcGY8psCVcCYZNq4wYnVWALHM+brtuJjePWiYF/ClmuDr8Ch5+kg=="
  "resolved" "https://registry.npmmirror.com/on-finished/-/on-finished-2.4.1.tgz"
  "version" "2.4.1"
  dependencies:
    "ee-first" "1.1.1"

"only@~0.0.2":
  "integrity" "sha512-Fvw+Jemq5fjjyWz6CpKx6w9s7xxqo3+JCyM0WXWeCSOboZ8ABkyvP8ID4CZuChA/wxSx+XSJmdOm8rGVyJ1hdQ=="
  "resolved" "https://registry.npmmirror.com/only/-/only-0.0.2.tgz"
  "version" "0.0.2"

"parseurl@^1.3.2":
  "integrity" "sha512-CiyeOxFT/JZyN5m0z9PfXw4SCBJ6Sygz1Dpl0wqjlhDEGGBP1GnsUVEL0p63hoG1fcj3fHynXi9NYO4nWOL+qQ=="
  "resolved" "https://registry.npmmirror.com/parseurl/-/parseurl-1.3.3.tgz"
  "version" "1.3.3"

"passthrough-counter@^1.0.0":
  "integrity" "sha512-Wy8PXTLqPAN0oEgBrlnsXPMww3SYJ44tQ8aVrGAI4h4JZYCS0oYqsPqtPR8OhJpv6qFbpbB7XAn0liKV7EXubA=="
  "resolved" "https://registry.npmmirror.com/passthrough-counter/-/passthrough-counter-1.0.0.tgz"
  "version" "1.0.0"

"path-to-regexp@^6.2.1":
  "integrity" "sha512-GQX3SSMokngb36+whdpRXE+3f9V8UzyAorlYvOGx87ufGHehNTn5lCxrKtLyZ4Yl/wEKnNnr98ZzOwwDZV5ogw=="
  "resolved" "https://registry.npmmirror.com/path-to-regexp/-/path-to-regexp-6.2.2.tgz"
  "version" "6.2.2"

"picomatch@^2.0.4", "picomatch@^2.2.1":
  "integrity" "sha512-JU3teHTNjmE2VCGFzuY8EXzCDVwEqB2a8fsIvwaStHhAWJEeVd1o1QD80CU6+ZdEXXSLbSsuLwJjkCBWqRQUVA=="
  "resolved" "https://registry.npmmirror.com/picomatch/-/picomatch-2.3.1.tgz"
  "version" "2.3.1"

"process-nextick-args@~2.0.0":
  "integrity" "sha512-3ouUOpQhtgrbOa17J7+uxOTpITYWaGP7/AhoR3+A+/1e9skrzelGi/dXzEYyvbxubEF6Wn2ypscTKiKJFFn1ag=="
  "resolved" "https://registry.npmmirror.com/process-nextick-args/-/process-nextick-args-2.0.1.tgz"
  "version" "2.0.1"

"pstree.remy@^1.1.8":
  "integrity" "sha512-77DZwxQmxKnu3aR542U+X8FypNzbfJ+C5XQDk3uWjWxn6151aIMGthWYRXTqT1E5oJvg+ljaa2OJi+VfvCOQ8w=="
  "resolved" "https://registry.npmmirror.com/pstree.remy/-/pstree.remy-1.1.8.tgz"
  "version" "1.1.8"

"qs@^6.5.2":
  "integrity" "sha512-AWJm14H1vVaO/iNZ4/hO+HyaTehuy9nRqVdkTqlJt0HWvBiBIEXFmb4C0DGeYo3Xes9rrEW+TxHsaigCbN5ICQ=="
  "resolved" "https://registry.npmmirror.com/qs/-/qs-6.12.3.tgz"
  "version" "6.12.3"
  dependencies:
    "side-channel" "^1.0.6"

"raw-body@^2.3.3":
  "integrity" "sha512-8zGqypfENjCIqGhgXToC8aB2r7YrBX+AQAfIPs/Mlk+BtPTztOvTS01NRW/3Eh60J+a48lt8qsCzirQ6loCVfA=="
  "resolved" "https://registry.npmmirror.com/raw-body/-/raw-body-2.5.2.tgz"
  "version" "2.5.2"
  dependencies:
    "bytes" "3.1.2"
    "http-errors" "2.0.0"
    "iconv-lite" "0.4.24"
    "unpipe" "1.0.0"

"readable-stream@2":
  "integrity" "sha512-8p0AUk4XODgIewSi0l8Epjs+EVnWiK7NoDIEGU0HhE7+ZyY8D1IMY7odu5lRrFXGg71L15KG8QrPmum45RTtdA=="
  "resolved" "https://registry.npmmirror.com/readable-stream/-/readable-stream-2.3.8.tgz"
  "version" "2.3.8"
  dependencies:
    "core-util-is" "~1.0.0"
    "inherits" "~2.0.3"
    "isarray" "~1.0.0"
    "process-nextick-args" "~2.0.0"
    "safe-buffer" "~5.1.1"
    "string_decoder" "~1.1.1"
    "util-deprecate" "~1.0.1"

"readdirp@~3.6.0":
  "integrity" "sha512-hOS089on8RduqdbhvQ5Z37A0ESjsqz6qnRcffsMU3495FuTdqSm+7bhJ29JvIOsBDEEnan5DPu9t3To9VRlMzA=="
  "resolved" "https://registry.npmmirror.com/readdirp/-/readdirp-3.6.0.tgz"
  "version" "3.6.0"
  dependencies:
    "picomatch" "^2.2.1"

"safe-buffer@^5.0.1", "safe-buffer@5.2.1":
  "integrity" "sha512-rp3So07KcdmmKbGvgaNxQSJr7bGVSVk5S9Eq1F+ppbRo70+YeaDxkw5Dd8NPN+GD6bjnYm2VuPuCXmpuYvmCXQ=="
  "resolved" "https://registry.npmmirror.com/safe-buffer/-/safe-buffer-5.2.1.tgz"
  "version" "5.2.1"

"safe-buffer@~5.1.0":
  "integrity" "sha512-Gd2UZBJDkXlY7GbJxfsE8/nvKkUEU1G38c1siN6QP6a9PT9MmHB8GnpscSmMJSoF8LOIrt8ud/wPtojys4G6+g=="
  "resolved" "https://registry.npmmirror.com/safe-buffer/-/safe-buffer-5.1.2.tgz"
  "version" "5.1.2"

"safe-buffer@~5.1.1":
  "integrity" "sha512-Gd2UZBJDkXlY7GbJxfsE8/nvKkUEU1G38c1siN6QP6a9PT9MmHB8GnpscSmMJSoF8LOIrt8ud/wPtojys4G6+g=="
  "resolved" "https://registry.npmmirror.com/safe-buffer/-/safe-buffer-5.1.2.tgz"
  "version" "5.1.2"

"safer-buffer@>= 2.1.2 < 3":
  "integrity" "sha512-YZo3K82SD7Riyi0E1EQPojLz7kpepnSQI9IyPbHHg1XXXevb5dJI7tpyN2ADxGcQbHG7vcyRHk0cbwqcQriUtg=="
  "resolved" "https://registry.npmmirror.com/safer-buffer/-/safer-buffer-2.1.2.tgz"
  "version" "2.1.2"

"semver@^7.5.3", "semver@^7.5.4":
  "integrity" "sha512-oVekP1cKtI+CTDvHWYFUcMtsK/00wmAEfyqKfNdARm8u1wNVhSgaX7A8d4UuIlUI5e84iEwOhs7ZPYRmzU9U6A=="
  "resolved" "https://registry.npmmirror.com/semver/-/semver-7.6.3.tgz"
  "version" "7.6.3"

"set-function-length@^1.2.1":
  "integrity" "sha512-pgRc4hJ4/sNjWCSS9AmnS40x3bNMDTknHgL5UaMBTMyJnU90EgWh1Rz+MC9eFu4BuN/UwZjKQuY/1v3rM7HMfg=="
  "resolved" "https://registry.npmmirror.com/set-function-length/-/set-function-length-1.2.2.tgz"
  "version" "1.2.2"
  dependencies:
    "define-data-property" "^1.1.4"
    "es-errors" "^1.3.0"
    "function-bind" "^1.1.2"
    "get-intrinsic" "^1.2.4"
    "gopd" "^1.0.1"
    "has-property-descriptors" "^1.0.2"

"setprototypeof@1.2.0":
  "integrity" "sha512-E5LDX7Wrp85Kil5bhZv46j8jOeboKq5JMmYM3gVGdGH8xFpPWXUMsNrlODCrkoxMEeNi/XZIwuRvY4XNwYMJpw=="
  "resolved" "https://registry.npmmirror.com/setprototypeof/-/setprototypeof-1.2.0.tgz"
  "version" "1.2.0"

"side-channel@^1.0.6":
  "integrity" "sha512-fDW/EZ6Q9RiO8eFG8Hj+7u/oW+XrPTIChwCOM2+th2A6OblDtYYIpve9m+KvI9Z4C9qSEXlaGR6bTEYHReuglA=="
  "resolved" "https://registry.npmmirror.com/side-channel/-/side-channel-1.0.6.tgz"
  "version" "1.0.6"
  dependencies:
    "call-bind" "^1.0.7"
    "es-errors" "^1.3.0"
    "get-intrinsic" "^1.2.4"
    "object-inspect" "^1.13.1"

"simple-update-notifier@^2.0.0":
  "integrity" "sha512-a2B9Y0KlNXl9u/vsW6sTIu9vGEpfKu2wRV6l1H3XEas/0gUIzGzBoP/IouTcUQbm9JWZLH3COxyn03TYlFax6w=="
  "resolved" "https://registry.npmmirror.com/simple-update-notifier/-/simple-update-notifier-2.0.0.tgz"
  "version" "2.0.0"
  dependencies:
    "semver" "^7.5.3"

"statuses@^1.5.0", "statuses@>= 1.5.0 < 2":
  "integrity" "sha512-OpZ3zP+jT1PI7I8nemJX4AKmAX070ZkYPVWV/AaKTJl+tXCTGyVdC1a4SL8RUQYEwk/f34ZX8UTykN68FwrqAA=="
  "resolved" "https://registry.npmmirror.com/statuses/-/statuses-1.5.0.tgz"
  "version" "1.5.0"

"statuses@2.0.1":
  "integrity" "sha512-RwNA9Z/7PrK06rYLIzFMlaF+l73iwpzsqRIFgbMLbTcLD6cOao82TaWefPXQvB2fOC4AjuYSEndS7N/mTCbkdQ=="
  "resolved" "https://registry.npmmirror.com/statuses/-/statuses-2.0.1.tgz"
  "version" "2.0.1"

"streaming-json-stringify@3":
  "integrity" "sha512-axtfs3BDxAsrZ9swD163FBrXZ8dhJJp6kUI6C97TvUZG9RHKfbg9nFbXqEheFNOb3IYMEt2ag9F62sWLFUZ4ug=="
  "resolved" "https://registry.npmmirror.com/streaming-json-stringify/-/streaming-json-stringify-3.1.0.tgz"
  "version" "3.1.0"
  dependencies:
    "json-stringify-safe" "5"
    "readable-stream" "2"

"string_decoder@~1.1.1":
  "integrity" "sha512-n/ShnvDi6FHbbVfviro+WojiFzv+s8MPMHBczVePfUpDJLwoLT0ht1l4YwBCbi8pJAveEEdnkHyPyTP/mzRfwg=="
  "resolved" "https://registry.npmmirror.com/string_decoder/-/string_decoder-1.1.1.tgz"
  "version" "1.1.1"
  dependencies:
    "safe-buffer" "~5.1.0"

"supports-color@^5.3.0", "supports-color@^5.5.0":
  "integrity" "sha512-QjVjwdXIt408MIiAqCX4oUKsgU2EqAGzs2Ppkm4aQYbjm+ZEWEcW4SfFNTr4uMNZma0ey4f5lgLrkB0aX0QMow=="
  "resolved" "https://registry.npmmirror.com/supports-color/-/supports-color-5.5.0.tgz"
  "version" "5.5.0"
  dependencies:
    "has-flag" "^3.0.0"

"to-regex-range@^5.0.1":
  "integrity" "sha512-65P7iz6X5yEr1cwcgvQxbbIw7Uk3gOy5dIdtZ4rDveLqhrdJP+Li/Hx6tyK0NEb+2GCyneCMJiGqrADCSNk8sQ=="
  "resolved" "https://registry.npmmirror.com/to-regex-range/-/to-regex-range-5.0.1.tgz"
  "version" "5.0.1"
  dependencies:
    "is-number" "^7.0.0"

"toidentifier@1.0.1":
  "integrity" "sha512-o5sSPKEkg/DIQNmH43V0/uerLrpzVedkUh8tGNvaeXpfpuwjKenlSox/2O/BTlZUtEe+JG7s5YhEz608PlAHRA=="
  "resolved" "https://registry.npmmirror.com/toidentifier/-/toidentifier-1.0.1.tgz"
  "version" "1.0.1"

"touch@^3.1.0":
  "integrity" "sha512-r0eojU4bI8MnHr8c5bNo7lJDdI2qXlWWJk6a9EAFG7vbhTjElYhBVS3/miuE0uOuoLdb8Mc/rVfsmm6eo5o9GA=="
  "resolved" "https://registry.npmmirror.com/touch/-/touch-3.1.1.tgz"
  "version" "3.1.1"

"tsscmp@1.0.6":
  "integrity" "sha512-LxhtAkPDTkVCMQjt2h6eBVY28KCjikZqZfMcC15YBeNjkgUpdCfBu5HoiOTDu86v6smE8yOjyEktJ8hlbANHQA=="
  "resolved" "https://registry.npmmirror.com/tsscmp/-/tsscmp-1.0.6.tgz"
  "version" "1.0.6"

"type-is@^1.6.16", "type-is@^1.6.18":
  "integrity" "sha512-TkRKr9sUTxEH8MdfuCSP7VizJyzRNMjj2J2do2Jr3Kym598JVdEksuzPQCnlFPW4ky9Q+iA+ma9BGm06XQBy8g=="
  "resolved" "https://registry.npmmirror.com/type-is/-/type-is-1.6.18.tgz"
  "version" "1.6.18"
  dependencies:
    "media-typer" "0.3.0"
    "mime-types" "~2.1.24"

"typescript@^5.0.0":
  "integrity" "sha512-Mtq29sKDAEYP7aljRgtPOpTvOfbwRWlS6dPRzwjdE+C0R4brX/GUyhHSecbHMFLNBLcJIPt9nl9yG5TZ1weH+Q=="
  "resolved" "https://registry.npmmirror.com/typescript/-/typescript-5.5.4.tgz"
  "version" "5.5.4"

"undefsafe@^2.0.5":
  "integrity" "sha512-WxONCrssBM8TSPRqN5EmsjVrsv4A8X12J4ArBiiayv3DyyG3ZlIg6yysuuSYdZsVz3TKcTg2fd//Ujd4CHV1iA=="
  "resolved" "https://registry.npmmirror.com/undefsafe/-/undefsafe-2.0.5.tgz"
  "version" "2.0.5"

"undici-types@~5.26.4":
  "integrity" "sha512-JlCMO+ehdEIKqlFxk6IfVoAUVmgz7cU7zD/h9XZ0qzeosSHmUJVOzSQvvYSYWXkFXC+IfLKSIffhv0sVZup6pA=="
  "resolved" "https://registry.npmmirror.com/undici-types/-/undici-types-5.26.5.tgz"
  "version" "5.26.5"

"unpipe@1.0.0":
  "integrity" "sha512-pjy2bYhSsufwWlKwPc+l3cN7+wuJlK6uz0YdJEOlQDbl6jo/YlPi4mb8agUkVC8BF7V8NuzeyPNqRksA3hztKQ=="
  "resolved" "https://registry.npmmirror.com/unpipe/-/unpipe-1.0.0.tgz"
  "version" "1.0.0"

"util-deprecate@~1.0.1":
  "integrity" "sha512-EPD5q1uXyFxJpCrLnCc1nHnq3gOa6DZBocAIiI2TaSCA7VCJ1UJDMagCzIkXNsUYfD1daK//LTEQ8xiIbrHtcw=="
  "resolved" "https://registry.npmmirror.com/util-deprecate/-/util-deprecate-1.0.2.tgz"
  "version" "1.0.2"

"vary@^1.1.2":
  "integrity" "sha512-BNGbWLfd0eUPabhkXUVm0j8uuvREyTh5ovRa/dyow/BqAbZJyC+5fU+IzQOzmAKzYqYRAISoRhdQr3eIZ/PXqg=="
  "resolved" "https://registry.npmmirror.com/vary/-/vary-1.1.2.tgz"
  "version" "1.1.2"

"ylru@^1.2.0":
  "integrity" "sha512-2OQsPNEmBCvXuFlIni/a+Rn+R2pHW9INm0BxXJ4hVDA8TirqMj+J/Rp9ItLatT/5pZqWwefVrTQcHpixsxnVlA=="
  "resolved" "https://registry.npmmirror.com/ylru/-/ylru-1.4.0.tgz"
  "version" "1.4.0"
